
Microsoft Visual Studio Solution File, Format Version 12.00
# Visual Studio Version 16
VisualStudioVersion = 16.0.29123.88
MinimumVisualStudioVersion = 10.0.40219.1
Project("{2150E333-8FDC-42A3-9474-1A3956D46DE8}") = "Microservices", "Microservices", "{79DA5DB1-3A0D-4517-B933-DED93643B5A6}"
EndProject
Project("{2150E333-8FDC-42A3-9474-1A3956D46DE8}") = "Domain", "Domain", "{65655CFC-9F2B-47AA-B9B8-9CAA1572D9DB}"
EndProject
Project("{2150E333-8FDC-42A3-9474-1A3956D46DE8}") = "Infra.Bus", "Infra.Bus", "{CE0F8228-802E-4CB8-BE49-66B2DEA45151}"
EndProject
Project("{2150E333-8FDC-42A3-9474-1A3956D46DE8}") = "Infra.IoC", "Infra.IoC", "{FBD44788-8B51-415F-9561-FCF08C4A414F}"
EndProject
Project("{2150E333-8FDC-42A3-9474-1A3956D46DE8}") = "Presentation", "Presentation", "{9D2775B4-C30C-4ADA-A948-3DC6FE25DAFF}"
EndProject
Project("{9A19103F-16F7-4668-BE54-9A1E7A4F7556}") = "MicroRabbit.Domain.Core", "Domain\MicroRabbit.Domain.Core\MicroRabbit.Domain.Core.csproj", "{2B231C10-9010-4A66-B472-49F57DEA59ED}"
EndProject
Project("{9A19103F-16F7-4668-BE54-9A1E7A4F7556}") = "MicroRabbit.Infra.Bus", "Infra.Bus\MicroRabbit.Infra.Bus\MicroRabbit.Infra.Bus.csproj", "{A77E6215-DB13-495C-B081-1417F0AB017C}"
EndProject
Project("{9A19103F-16F7-4668-BE54-9A1E7A4F7556}") = "MicroRabbit.Infra.IoC", "Infra.IoC\MicroRabbit.Infra.IoC\MicroRabbit.Infra.IoC.csproj", "{BC54B7F9-5C31-47CE-BD94-1A07C7677306}"
EndProject
Project("{2150E333-8FDC-42A3-9474-1A3956D46DE8}") = "Banking", "Banking", "{88D72117-32F2-4533-A8A5-55DE698CACD9}"
EndProject
Project("{2150E333-8FDC-42A3-9474-1A3956D46DE8}") = "Api", "Api", "{9EF3AE93-AAF1-4D7A-96DE-7CBF72AAD07F}"
EndProject
Project("{2150E333-8FDC-42A3-9474-1A3956D46DE8}") = "Domain", "Domain", "{1EE3A001-3D7E-45F2-AE74-83D6B920CD02}"
EndProject
Project("{2150E333-8FDC-42A3-9474-1A3956D46DE8}") = "Application", "Application", "{CF54DBC1-A6AA-4B9F-A4C8-DE35A627C3A8}"
EndProject
Project("{2150E333-8FDC-42A3-9474-1A3956D46DE8}") = "Data", "Data", "{1D36F9B5-1FC3-44CE-93F9-DC7AE7567E9F}"
EndProject
Project("{9A19103F-16F7-4668-BE54-9A1E7A4F7556}") = "MicroRabbit.Banking.Api", "Microservices\Banking\Api\MicroRabbit.Banking.Api\MicroRabbit.Banking.Api.csproj", "{864DBAB4-B004-4F25-8964-F9C04F7FB54D}"
EndProject
Project("{9A19103F-16F7-4668-BE54-9A1E7A4F7556}") = "MicroRabbit.Banking.Application", "Microservices\banking\Application\MicroRabbit.Banking.Application\MicroRabbit.Banking.Application.csproj", "{20A61FBE-EBA6-4BC2-B9BA-482B863E4750}"
EndProject
Project("{9A19103F-16F7-4668-BE54-9A1E7A4F7556}") = "MicroRabbit.Banking.Data", "Microservices\Banking\Data\MicroRabbit.Banking.Data\MicroRabbit.Banking.Data.csproj", "{DA3A2851-C9F6-4C22-81FF-3A06E9F1BC7B}"
EndProject
Project("{9A19103F-16F7-4668-BE54-9A1E7A4F7556}") = "MicroRabbit.Banking.Domain", "Microservices\Banking\Domain\MicroRabbit.Banking.Domain\MicroRabbit.Banking.Domain.csproj", "{EA8C8A96-5C4C-4E22-9C10-A058EFFC2883}"
EndProject
Project("{2150E333-8FDC-42A3-9474-1A3956D46DE8}") = "Transfer", "Transfer", "{462E7562-A049-4106-8295-736DAA418727}"
EndProject
Project("{2150E333-8FDC-42A3-9474-1A3956D46DE8}") = "Api", "Api", "{353E49F3-9FC4-42F7-8EA2-77AA333B9F17}"
EndProject
Project("{2150E333-8FDC-42A3-9474-1A3956D46DE8}") = "Application", "Application", "{E97C6AFB-1E39-41CE-815C-BC217337D16E}"
EndProject
Project("{2150E333-8FDC-42A3-9474-1A3956D46DE8}") = "Domain", "Domain", "{2D26DA3C-3FAE-47B2-8D61-F3679A2472A3}"
EndProject
Project("{2150E333-8FDC-42A3-9474-1A3956D46DE8}") = "Data", "Data", "{3863086B-4944-4195-9715-D532FE341EDC}"
EndProject
Project("{9A19103F-16F7-4668-BE54-9A1E7A4F7556}") = "MicroRabbit.Transfer.Api", "Microservices\Transfer\Api\MicroRabbit.Transfer.Api\MicroRabbit.Transfer.Api.csproj", "{DF70162C-D9D8-4A92-8B50-5D394DFAC0A8}"
EndProject
Project("{9A19103F-16F7-4668-BE54-9A1E7A4F7556}") = "MicroRabbit.Transfer.Application", "Microservices\Transfer\Application\MicroRabbit.Transfer.Application\MicroRabbit.Transfer.Application.csproj", "{8656357F-2481-4624-8EE6-8EC8B338E4DC}"
EndProject
Project("{9A19103F-16F7-4668-BE54-9A1E7A4F7556}") = "MicroRabbit.Transfer.Data", "Microservices\Transfer\Data\MicroRabbit.Transfer.Data\MicroRabbit.Transfer.Data.csproj", "{C897524D-1E18-4F5C-B2E7-F1751C173191}"
EndProject
Project("{9A19103F-16F7-4668-BE54-9A1E7A4F7556}") = "MicroRabbit.Transfer.Domain", "Microservices\Transfer\Domain\MicroRabbit.Transfer.Domain\MicroRabbit.Transfer.Domain.csproj", "{72D3007B-DE43-4151-A023-8365DADE84C9}"
EndProject
Project("{FAE04EC0-301F-11D3-BF4B-00C04F79EFBC}") = "MicroRabbit.MVC", "Presentation\MicroRabbit.MVC\MicroRabbit.MVC.csproj", "{8EAA0E3A-E3DC-4A0F-B56D-C712D322E69C}"
EndProject
Global
	GlobalSection(SolutionConfigurationPlatforms) = preSolution
		Debug|Any CPU = Debug|Any CPU
		Release|Any CPU = Release|Any CPU
	EndGlobalSection
	GlobalSection(ProjectConfigurationPlatforms) = postSolution
		{2B231C10-9010-4A66-B472-49F57DEA59ED}.Debug|Any CPU.ActiveCfg = Debug|Any CPU
		{2B231C10-9010-4A66-B472-49F57DEA59ED}.Debug|Any CPU.Build.0 = Debug|Any CPU
		{2B231C10-9010-4A66-B472-49F57DEA59ED}.Release|Any CPU.ActiveCfg = Release|Any CPU
		{2B231C10-9010-4A66-B472-49F57DEA59ED}.Release|Any CPU.Build.0 = Release|Any CPU
		{A77E6215-DB13-495C-B081-1417F0AB017C}.Debug|Any CPU.ActiveCfg = Debug|Any CPU
		{A77E6215-DB13-495C-B081-1417F0AB017C}.Debug|Any CPU.Build.0 = Debug|Any CPU
		{A77E6215-DB13-495C-B081-1417F0AB017C}.Release|Any CPU.ActiveCfg = Release|Any CPU
		{A77E6215-DB13-495C-B081-1417F0AB017C}.Release|Any CPU.Build.0 = Release|Any CPU
		{BC54B7F9-5C31-47CE-BD94-1A07C7677306}.Debug|Any CPU.ActiveCfg = Debug|Any CPU
		{BC54B7F9-5C31-47CE-BD94-1A07C7677306}.Debug|Any CPU.Build.0 = Debug|Any CPU
		{BC54B7F9-5C31-47CE-BD94-1A07C7677306}.Release|Any CPU.ActiveCfg = Release|Any CPU
		{BC54B7F9-5C31-47CE-BD94-1A07C7677306}.Release|Any CPU.Build.0 = Release|Any CPU
		{864DBAB4-B004-4F25-8964-F9C04F7FB54D}.Debug|Any CPU.ActiveCfg = Debug|Any CPU
		{864DBAB4-B004-4F25-8964-F9C04F7FB54D}.Debug|Any CPU.Build.0 = Debug|Any CPU
		{864DBAB4-B004-4F25-8964-F9C04F7FB54D}.Release|Any CPU.ActiveCfg = Release|Any CPU
		{864DBAB4-B004-4F25-8964-F9C04F7FB54D}.Release|Any CPU.Build.0 = Release|Any CPU
		{20A61FBE-EBA6-4BC2-B9BA-482B863E4750}.Debug|Any CPU.ActiveCfg = Debug|Any CPU
		{20A61FBE-EBA6-4BC2-B9BA-482B863E4750}.Debug|Any CPU.Build.0 = Debug|Any CPU
		{20A61FBE-EBA6-4BC2-B9BA-482B863E4750}.Release|Any CPU.ActiveCfg = Release|Any CPU
		{20A61FBE-EBA6-4BC2-B9BA-482B863E4750}.Release|Any CPU.Build.0 = Release|Any CPU
		{DA3A2851-C9F6-4C22-81FF-3A06E9F1BC7B}.Debug|Any CPU.ActiveCfg = Debug|Any CPU
		{DA3A2851-C9F6-4C22-81FF-3A06E9F1BC7B}.Debug|Any CPU.Build.0 = Debug|Any CPU
		{DA3A2851-C9F6-4C22-81FF-3A06E9F1BC7B}.Release|Any CPU.ActiveCfg = Release|Any CPU
		{DA3A2851-C9F6-4C22-81FF-3A06E9F1BC7B}.Release|Any CPU.Build.0 = Release|Any CPU
		{EA8C8A96-5C4C-4E22-9C10-A058EFFC2883}.Debug|Any CPU.ActiveCfg = Debug|Any CPU
		{EA8C8A96-5C4C-4E22-9C10-A058EFFC2883}.Debug|Any CPU.Build.0 = Debug|Any CPU
		{EA8C8A96-5C4C-4E22-9C10-A058EFFC2883}.Release|Any CPU.ActiveCfg = Release|Any CPU
		{EA8C8A96-5C4C-4E22-9C10-A058EFFC2883}.Release|Any CPU.Build.0 = Release|Any CPU
		{DF70162C-D9D8-4A92-8B50-5D394DFAC0A8}.Debug|Any CPU.ActiveCfg = Debug|Any CPU
		{DF70162C-D9D8-4A92-8B50-5D394DFAC0A8}.Debug|Any CPU.Build.0 = Debug|Any CPU
		{DF70162C-D9D8-4A92-8B50-5D394DFAC0A8}.Release|Any CPU.ActiveCfg = Release|Any CPU
		{DF70162C-D9D8-4A92-8B50-5D394DFAC0A8}.Release|Any CPU.Build.0 = Release|Any CPU
		{8656357F-2481-4624-8EE6-8EC8B338E4DC}.Debug|Any CPU.ActiveCfg = Debug|Any CPU
		{8656357F-2481-4624-8EE6-8EC8B338E4DC}.Debug|Any CPU.Build.0 = Debug|Any CPU
		{8656357F-2481-4624-8EE6-8EC8B338E4DC}.Release|Any CPU.ActiveCfg = Release|Any CPU
		{8656357F-2481-4624-8EE6-8EC8B338E4DC}.Release|Any CPU.Build.0 = Release|Any CPU
		{C897524D-1E18-4F5C-B2E7-F1751C173191}.Debug|Any CPU.ActiveCfg = Debug|Any CPU
		{C897524D-1E18-4F5C-B2E7-F1751C173191}.Debug|Any CPU.Build.0 = Debug|Any CPU
		{C897524D-1E18-4F5C-B2E7-F1751C173191}.Release|Any CPU.ActiveCfg = Release|Any CPU
		{C897524D-1E18-4F5C-B2E7-F1751C173191}.Release|Any CPU.Build.0 = Release|Any CPU
		{72D3007B-DE43-4151-A023-8365DADE84C9}.Debug|Any CPU.ActiveCfg = Debug|Any CPU
		{72D3007B-DE43-4151-A023-8365DADE84C9}.Debug|Any CPU.Build.0 = Debug|Any CPU
		{72D3007B-DE43-4151-A023-8365DADE84C9}.Release|Any CPU.ActiveCfg = Release|Any CPU
		{72D3007B-DE43-4151-A023-8365DADE84C9}.Release|Any CPU.Build.0 = Release|Any CPU
		{8EAA0E3A-E3DC-4A0F-B56D-C712D322E69C}.Debug|Any CPU.ActiveCfg = Debug|Any CPU
		{8EAA0E3A-E3DC-4A0F-B56D-C712D322E69C}.Debug|Any CPU.Build.0 = Debug|Any CPU
		{8EAA0E3A-E3DC-4A0F-B56D-C712D322E69C}.Release|Any CPU.ActiveCfg = Release|Any CPU
		{8EAA0E3A-E3DC-4A0F-B56D-C712D322E69C}.Release|Any CPU.Build.0 = Release|Any CPU
	EndGlobalSection
	GlobalSection(SolutionProperties) = preSolution
		HideSolutionNode = FALSE
	EndGlobalSection
	GlobalSection(NestedProjects) = preSolution
		{2B231C10-9010-4A66-B472-49F57DEA59ED} = {65655CFC-9F2B-47AA-B9B8-9CAA1572D9DB}
		{A77E6215-DB13-495C-B081-1417F0AB017C} = {CE0F8228-802E-4CB8-BE49-66B2DEA45151}
		{BC54B7F9-5C31-47CE-BD94-1A07C7677306} = {FBD44788-8B51-415F-9561-FCF08C4A414F}
		{88D72117-32F2-4533-A8A5-55DE698CACD9} = {79DA5DB1-3A0D-4517-B933-DED93643B5A6}
		{9EF3AE93-AAF1-4D7A-96DE-7CBF72AAD07F} = {88D72117-32F2-4533-A8A5-55DE698CACD9}
		{1EE3A001-3D7E-45F2-AE74-83D6B920CD02} = {88D72117-32F2-4533-A8A5-55DE698CACD9}
		{CF54DBC1-A6AA-4B9F-A4C8-DE35A627C3A8} = {88D72117-32F2-4533-A8A5-55DE698CACD9}
		{1D36F9B5-1FC3-44CE-93F9-DC7AE7567E9F} = {88D72117-32F2-4533-A8A5-55DE698CACD9}
		{864DBAB4-B004-4F25-8964-F9C04F7FB54D} = {9EF3AE93-AAF1-4D7A-96DE-7CBF72AAD07F}
		{20A61FBE-EBA6-4BC2-B9BA-482B863E4750} = {CF54DBC1-A6AA-4B9F-A4C8-DE35A627C3A8}
		{DA3A2851-C9F6-4C22-81FF-3A06E9F1BC7B} = {1D36F9B5-1FC3-44CE-93F9-DC7AE7567E9F}
		{EA8C8A96-5C4C-4E22-9C10-A058EFFC2883} = {1EE3A001-3D7E-45F2-AE74-83D6B920CD02}
		{462E7562-A049-4106-8295-736DAA418727} = {79DA5DB1-3A0D-4517-B933-DED93643B5A6}
		{353E49F3-9FC4-42F7-8EA2-77AA333B9F17} = {462E7562-A049-4106-8295-736DAA418727}
		{E97C6AFB-1E39-41CE-815C-BC217337D16E} = {462E7562-A049-4106-8295-736DAA418727}
		{2D26DA3C-3FAE-47B2-8D61-F3679A2472A3} = {462E7562-A049-4106-8295-736DAA418727}
		{3863086B-4944-4195-9715-D532FE341EDC} = {462E7562-A049-4106-8295-736DAA418727}
		{DF70162C-D9D8-4A92-8B50-5D394DFAC0A8} = {353E49F3-9FC4-42F7-8EA2-77AA333B9F17}
		{8656357F-2481-4624-8EE6-8EC8B338E4DC} = {E97C6AFB-1E39-41CE-815C-BC217337D16E}
		{C897524D-1E18-4F5C-B2E7-F1751C173191} = {3863086B-4944-4195-9715-D532FE341EDC}
		{72D3007B-DE43-4151-A023-8365DADE84C9} = {2D26DA3C-3FAE-47B2-8D61-F3679A2472A3}
		{8EAA0E3A-E3DC-4A0F-B56D-C712D322E69C} = {9D2775B4-C30C-4ADA-A948-3DC6FE25DAFF}
	EndGlobalSection
	GlobalSection(ExtensibilityGlobals) = postSolution
		SolutionGuid = {811A8064-5304-4DD6-AA7E-84FE459CD008}
	EndGlobalSection
EndGlobal
